
Microsoft Visual Studio Solution File, Format Version 12.00
# Visual Studio 15
VisualStudioVersion = 15.0.26228.4
MinimumVisualStudioVersion = 10.0.40219.1
Project("{FAE04EC0-301F-11D3-BF4B-00C04F79EFBC}") = "WebCore", "WebCore\WebCore.csproj", "{B82593A8-03B4-47DD-938B-7764A1CF804B}"
EndProject
Global
	GlobalSection(SolutionConfigurationPlatforms) = preSolution
		Debug|Any CPU = Debug|Any CPU
		Release|Any CPU = Release|Any CPU
	EndGlobalSection
	GlobalSection(ProjectConfigurationPlatforms) = postSolution
		{B82593A8-03B4-47DD-938B-7764A1CF804B}.Debug|Any CPU.ActiveCfg = Debug|Any CPU
		{B82593A8-03B4-47DD-938B-7764A1CF804B}.Debug|Any CPU.Build.0 = Debug|Any CPU
		{B82593A8-03B4-47DD-938B-7764A1CF804B}.Release|Any CPU.ActiveCfg = Release|Any CPU
		{B82593A8-03B4-47DD-938B-7764A1CF804B}.Release|Any CPU.Build.0 = Release|Any CPU
	EndGlobalSection
	GlobalSection(SolutionProperties) = preSolution
		HideSolutionNode = FALSE
	EndGlobalSection
EndGlobal
